
Microsoft Visual Studio Solution File, Format Version 12.00
Project("{FAE04EC0-301F-11D3-BF4B-00C04F79EFBC}") = "BankAccountTests", "BankAccountTests\BankAccountTests.csproj", "{AF9BBA43-441F-4288-B994-361E6967C414}"
EndProject
Project("{FAE04EC0-301F-11D3-BF4B-00C04F79EFBC}") = "BankAccount", "BankAccount\BankAccount.csproj", "{8AFD3519-915F-440E-B81F-56612E622394}"
EndProject
Global
	GlobalSection(SolutionConfigurationPlatforms) = preSolution
		Debug|Any CPU = Debug|Any CPU
		Release|Any CPU = Release|Any CPU
	EndGlobalSection
	GlobalSection(ProjectConfigurationPlatforms) = postSolution
		{AF9BBA43-441F-4288-B994-361E6967C414}.Debug|Any CPU.ActiveCfg = Debug|Any CPU
		{AF9BBA43-441F-4288-B994-361E6967C414}.Debug|Any CPU.Build.0 = Debug|Any CPU
		{AF9BBA43-441F-4288-B994-361E6967C414}.Release|Any CPU.ActiveCfg = Release|Any CPU
		{AF9BBA43-441F-4288-B994-361E6967C414}.Release|Any CPU.Build.0 = Release|Any CPU
		{8AFD3519-915F-440E-B81F-56612E622394}.Debug|Any CPU.ActiveCfg = Debug|Any CPU
		{8AFD3519-915F-440E-B81F-56612E622394}.Debug|Any CPU.Build.0 = Debug|Any CPU
		{8AFD3519-915F-440E-B81F-56612E622394}.Release|Any CPU.ActiveCfg = Release|Any CPU
		{8AFD3519-915F-440E-B81F-56612E622394}.Release|Any CPU.Build.0 = Release|Any CPU
	EndGlobalSection
EndGlobal
